
Microsoft Visual Studio Solution File, Format Version 12.00
Project("{FAE04EC0-301F-11D3-BF4B-00C04F79EFBC}") = "ConsoleHealthCheck", "ConsoleHealthCheck.csproj", "{50F68A9B-50EB-4397-89C2-05B7BD785EDF}"
EndProject
Global
	GlobalSection(SolutionConfigurationPlatforms) = preSolution
		Debug|Any CPU = Debug|Any CPU
		Release|Any CPU = Release|Any CPU
	EndGlobalSection
	GlobalSection(ProjectConfigurationPlatforms) = postSolution
		{50F68A9B-50EB-4397-89C2-05B7BD785EDF}.Debug|Any CPU.ActiveCfg = Debug|Any CPU
		{50F68A9B-50EB-4397-89C2-05B7BD785EDF}.Debug|Any CPU.Build.0 = Debug|Any CPU
		{50F68A9B-50EB-4397-89C2-05B7BD785EDF}.Release|Any CPU.ActiveCfg = Release|Any CPU
		{50F68A9B-50EB-4397-89C2-05B7BD785EDF}.Release|Any CPU.Build.0 = Release|Any CPU
	EndGlobalSection
EndGlobal
